
Microsoft Visual Studio Solution File, Format Version 12.00
# Visual Studio Version 16
VisualStudioVersion = 16.0.29001.49
MinimumVisualStudioVersion = 10.0.40219.1
Project("{FAE04EC0-301F-11D3-BF4B-00C04F79EFBC}") = "AnimalShelter", "AnimalShelter\AnimalShelter.csproj", "{50336A1E-44F8-4204-AC43-E9F9B93A257F}"
EndProject
Project("{FAE04EC0-301F-11D3-BF4B-00C04F79EFBC}") = "ShelterTests", "ShelterTests\ShelterTests.csproj", "{EDD15D0F-9DDD-4880-B1D9-D9B3EE270E47}"
EndProject
Global
	GlobalSection(SolutionConfigurationPlatforms) = preSolution
		Debug|Any CPU = Debug|Any CPU
		Release|Any CPU = Release|Any CPU
	EndGlobalSection
	GlobalSection(ProjectConfigurationPlatforms) = postSolution
		{50336A1E-44F8-4204-AC43-E9F9B93A257F}.Debug|Any CPU.ActiveCfg = Debug|Any CPU
		{50336A1E-44F8-4204-AC43-E9F9B93A257F}.Debug|Any CPU.Build.0 = Debug|Any CPU
		{50336A1E-44F8-4204-AC43-E9F9B93A257F}.Release|Any CPU.ActiveCfg = Release|Any CPU
		{50336A1E-44F8-4204-AC43-E9F9B93A257F}.Release|Any CPU.Build.0 = Release|Any CPU
		{EDD15D0F-9DDD-4880-B1D9-D9B3EE270E47}.Debug|Any CPU.ActiveCfg = Debug|Any CPU
		{EDD15D0F-9DDD-4880-B1D9-D9B3EE270E47}.Debug|Any CPU.Build.0 = Debug|Any CPU
		{EDD15D0F-9DDD-4880-B1D9-D9B3EE270E47}.Release|Any CPU.ActiveCfg = Release|Any CPU
		{EDD15D0F-9DDD-4880-B1D9-D9B3EE270E47}.Release|Any CPU.Build.0 = Release|Any CPU
	EndGlobalSection
	GlobalSection(SolutionProperties) = preSolution
		HideSolutionNode = FALSE
	EndGlobalSection
	GlobalSection(ExtensibilityGlobals) = postSolution
		SolutionGuid = {B307D3D3-4F27-4CAF-A4C1-F73889E50999}
	EndGlobalSection
EndGlobal
