
Microsoft Visual Studio Solution File, Format Version 12.00
# Visual Studio Version 16
VisualStudioVersion = 16.0.29001.49
MinimumVisualStudioVersion = 10.0.40219.1
Project("{FAE04EC0-301F-11D3-BF4B-00C04F79EFBC}") = "BreathFirst", "BreathFirst\BreathFirst.csproj", "{A34B1057-FDD2-4FF0-ADE6-87A4FFF3D87A}"
EndProject
Project("{FAE04EC0-301F-11D3-BF4B-00C04F79EFBC}") = "BreathTests", "BreathTests\BreathTests.csproj", "{1F75FA72-706E-4EC5-AE7A-28FD616D71DD}"
EndProject
Global
	GlobalSection(SolutionConfigurationPlatforms) = preSolution
		Debug|Any CPU = Debug|Any CPU
		Release|Any CPU = Release|Any CPU
	EndGlobalSection
	GlobalSection(ProjectConfigurationPlatforms) = postSolution
		{A34B1057-FDD2-4FF0-ADE6-87A4FFF3D87A}.Debug|Any CPU.ActiveCfg = Debug|Any CPU
		{A34B1057-FDD2-4FF0-ADE6-87A4FFF3D87A}.Debug|Any CPU.Build.0 = Debug|Any CPU
		{A34B1057-FDD2-4FF0-ADE6-87A4FFF3D87A}.Release|Any CPU.ActiveCfg = Release|Any CPU
		{A34B1057-FDD2-4FF0-ADE6-87A4FFF3D87A}.Release|Any CPU.Build.0 = Release|Any CPU
		{1F75FA72-706E-4EC5-AE7A-28FD616D71DD}.Debug|Any CPU.ActiveCfg = Debug|Any CPU
		{1F75FA72-706E-4EC5-AE7A-28FD616D71DD}.Debug|Any CPU.Build.0 = Debug|Any CPU
		{1F75FA72-706E-4EC5-AE7A-28FD616D71DD}.Release|Any CPU.ActiveCfg = Release|Any CPU
		{1F75FA72-706E-4EC5-AE7A-28FD616D71DD}.Release|Any CPU.Build.0 = Release|Any CPU
	EndGlobalSection
	GlobalSection(SolutionProperties) = preSolution
		HideSolutionNode = FALSE
	EndGlobalSection
	GlobalSection(ExtensibilityGlobals) = postSolution
		SolutionGuid = {5291D6E2-A1FE-45EB-9984-9CB331D768EF}
	EndGlobalSection
EndGlobal
