
Microsoft Visual Studio Solution File, Format Version 12.00
# Visual Studio Version 16
VisualStudioVersion = 16.0.29001.49
MinimumVisualStudioVersion = 10.0.40219.1
Project("{FAE04EC0-301F-11D3-BF4B-00C04F79EFBC}") = "MergeSort", "MergeSort\MergeSort.csproj", "{940C8F46-7D46-4BC2-927F-41F9ED0CAC2C}"
EndProject
Project("{FAE04EC0-301F-11D3-BF4B-00C04F79EFBC}") = "MergeSortTests", "MergeSortTests\MergeSortTests.csproj", "{E4B01B7A-FFF7-4233-9A1A-327D03EA2CC6}"
EndProject
Global
	GlobalSection(SolutionConfigurationPlatforms) = preSolution
		Debug|Any CPU = Debug|Any CPU
		Release|Any CPU = Release|Any CPU
	EndGlobalSection
	GlobalSection(ProjectConfigurationPlatforms) = postSolution
		{940C8F46-7D46-4BC2-927F-41F9ED0CAC2C}.Debug|Any CPU.ActiveCfg = Debug|Any CPU
		{940C8F46-7D46-4BC2-927F-41F9ED0CAC2C}.Debug|Any CPU.Build.0 = Debug|Any CPU
		{940C8F46-7D46-4BC2-927F-41F9ED0CAC2C}.Release|Any CPU.ActiveCfg = Release|Any CPU
		{940C8F46-7D46-4BC2-927F-41F9ED0CAC2C}.Release|Any CPU.Build.0 = Release|Any CPU
		{E4B01B7A-FFF7-4233-9A1A-327D03EA2CC6}.Debug|Any CPU.ActiveCfg = Debug|Any CPU
		{E4B01B7A-FFF7-4233-9A1A-327D03EA2CC6}.Debug|Any CPU.Build.0 = Debug|Any CPU
		{E4B01B7A-FFF7-4233-9A1A-327D03EA2CC6}.Release|Any CPU.ActiveCfg = Release|Any CPU
		{E4B01B7A-FFF7-4233-9A1A-327D03EA2CC6}.Release|Any CPU.Build.0 = Release|Any CPU
	EndGlobalSection
	GlobalSection(SolutionProperties) = preSolution
		HideSolutionNode = FALSE
	EndGlobalSection
	GlobalSection(ExtensibilityGlobals) = postSolution
		SolutionGuid = {7BFDBB86-C16F-4242-A75C-4D306F752337}
	EndGlobalSection
EndGlobal
