
Microsoft Visual Studio Solution File, Format Version 12.00
# Visual Studio Version 16
VisualStudioVersion = 16.0.29001.49
MinimumVisualStudioVersion = 10.0.40219.1
Project("{9A19103F-16F7-4668-BE54-9A1E7A4F7556}") = "RepeatWord", "RepeatWord\RepeatWord.csproj", "{48E908D6-76F8-4B77-AEAF-8E38C438A587}"
EndProject
Project("{FAE04EC0-301F-11D3-BF4B-00C04F79EFBC}") = "RepeatWordTests", "RepeatWordTests\RepeatWordTests.csproj", "{496F9D72-782A-469D-9EE2-F0C8176B79B3}"
EndProject
Global
	GlobalSection(SolutionConfigurationPlatforms) = preSolution
		Debug|Any CPU = Debug|Any CPU
		Release|Any CPU = Release|Any CPU
	EndGlobalSection
	GlobalSection(ProjectConfigurationPlatforms) = postSolution
		{48E908D6-76F8-4B77-AEAF-8E38C438A587}.Debug|Any CPU.ActiveCfg = Debug|Any CPU
		{48E908D6-76F8-4B77-AEAF-8E38C438A587}.Debug|Any CPU.Build.0 = Debug|Any CPU
		{48E908D6-76F8-4B77-AEAF-8E38C438A587}.Release|Any CPU.ActiveCfg = Release|Any CPU
		{48E908D6-76F8-4B77-AEAF-8E38C438A587}.Release|Any CPU.Build.0 = Release|Any CPU
		{496F9D72-782A-469D-9EE2-F0C8176B79B3}.Debug|Any CPU.ActiveCfg = Debug|Any CPU
		{496F9D72-782A-469D-9EE2-F0C8176B79B3}.Debug|Any CPU.Build.0 = Debug|Any CPU
		{496F9D72-782A-469D-9EE2-F0C8176B79B3}.Release|Any CPU.ActiveCfg = Release|Any CPU
		{496F9D72-782A-469D-9EE2-F0C8176B79B3}.Release|Any CPU.Build.0 = Release|Any CPU
	EndGlobalSection
	GlobalSection(SolutionProperties) = preSolution
		HideSolutionNode = FALSE
	EndGlobalSection
	GlobalSection(ExtensibilityGlobals) = postSolution
		SolutionGuid = {62F76DAD-82AA-40FA-B19B-DD67C1FE3776}
	EndGlobalSection
EndGlobal
