
Microsoft Visual Studio Solution File, Format Version 12.00
# Visual Studio Version 16
VisualStudioVersion = 16.0.29001.49
MinimumVisualStudioVersion = 10.0.40219.1
Project("{FAE04EC0-301F-11D3-BF4B-00C04F79EFBC}") = "Graphs", "Graphs\Graphs.csproj", "{794E02BA-F5E3-49BF-8580-66C81E0A8E6B}"
EndProject
Project("{FAE04EC0-301F-11D3-BF4B-00C04F79EFBC}") = "GraphTests", "GraphTests\GraphTests.csproj", "{C068FA08-FFDF-416D-883F-B80AF6997363}"
EndProject
Global
	GlobalSection(SolutionConfigurationPlatforms) = preSolution
		Debug|Any CPU = Debug|Any CPU
		Release|Any CPU = Release|Any CPU
	EndGlobalSection
	GlobalSection(ProjectConfigurationPlatforms) = postSolution
		{794E02BA-F5E3-49BF-8580-66C81E0A8E6B}.Debug|Any CPU.ActiveCfg = Debug|Any CPU
		{794E02BA-F5E3-49BF-8580-66C81E0A8E6B}.Debug|Any CPU.Build.0 = Debug|Any CPU
		{794E02BA-F5E3-49BF-8580-66C81E0A8E6B}.Release|Any CPU.ActiveCfg = Release|Any CPU
		{794E02BA-F5E3-49BF-8580-66C81E0A8E6B}.Release|Any CPU.Build.0 = Release|Any CPU
		{C068FA08-FFDF-416D-883F-B80AF6997363}.Debug|Any CPU.ActiveCfg = Debug|Any CPU
		{C068FA08-FFDF-416D-883F-B80AF6997363}.Debug|Any CPU.Build.0 = Debug|Any CPU
		{C068FA08-FFDF-416D-883F-B80AF6997363}.Release|Any CPU.ActiveCfg = Release|Any CPU
		{C068FA08-FFDF-416D-883F-B80AF6997363}.Release|Any CPU.Build.0 = Release|Any CPU
	EndGlobalSection
	GlobalSection(SolutionProperties) = preSolution
		HideSolutionNode = FALSE
	EndGlobalSection
	GlobalSection(ExtensibilityGlobals) = postSolution
		SolutionGuid = {04E0A22A-57C3-4FEC-88B1-7585C5F66C36}
	EndGlobalSection
EndGlobal
