
Microsoft Visual Studio Solution File, Format Version 12.00
# Visual Studio Version 16
VisualStudioVersion = 16.0.29001.49
MinimumVisualStudioVersion = 10.0.40219.1

Project("{FAE04EC0-301F-11D3-BF4B-00C04F79EFBC}") = "QueueWithStacks", "QueueWithStacks\QueueWithStacks.csproj", "{368D7666-B574-4B30-8D7D-8DE48F81D294}"
EndProject
Project("{FAE04EC0-301F-11D3-BF4B-00C04F79EFBC}") = "PseudoQueueTests", "PseudoQueueTests\PseudoQueueTests.csproj", "{3185E00A-2DDC-4FD0-BB49-A2011B641060}"
EndProject
Global
	GlobalSection(SolutionConfigurationPlatforms) = preSolution
		Debug|Any CPU = Debug|Any CPU
		Release|Any CPU = Release|Any CPU
	EndGlobalSection
	GlobalSection(ProjectConfigurationPlatforms) = postSolution
		{368D7666-B574-4B30-8D7D-8DE48F81D294}.Debug|Any CPU.ActiveCfg = Debug|Any CPU
		{368D7666-B574-4B30-8D7D-8DE48F81D294}.Debug|Any CPU.Build.0 = Debug|Any CPU
		{368D7666-B574-4B30-8D7D-8DE48F81D294}.Release|Any CPU.ActiveCfg = Release|Any CPU
		{368D7666-B574-4B30-8D7D-8DE48F81D294}.Release|Any CPU.Build.0 = Release|Any CPU
		{3185E00A-2DDC-4FD0-BB49-A2011B641060}.Debug|Any CPU.ActiveCfg = Debug|Any CPU
		{3185E00A-2DDC-4FD0-BB49-A2011B641060}.Debug|Any CPU.Build.0 = Debug|Any CPU
		{3185E00A-2DDC-4FD0-BB49-A2011B641060}.Release|Any CPU.ActiveCfg = Release|Any CPU
		{3185E00A-2DDC-4FD0-BB49-A2011B641060}.Release|Any CPU.Build.0 = Release|Any CPU
	EndGlobalSection
	GlobalSection(SolutionProperties) = preSolution
		HideSolutionNode = FALSE
	EndGlobalSection
	GlobalSection(ExtensibilityGlobals) = postSolution
		SolutionGuid = {0FFDE423-C348-4028-B85D-3B328DF54D62}
	EndGlobalSection
EndGlobal
