
Microsoft Visual Studio Solution File, Format Version 12.00
# Visual Studio Version 16
VisualStudioVersion = 16.0.29001.49
MinimumVisualStudioVersion = 10.0.40219.1
Project("{FAE04EC0-301F-11D3-BF4B-00C04F79EFBC}") = "BinaryTreeHeight", "BinaryTreeHeight\BinaryTreeHeight.csproj", "{B7F0EDF4-1976-42CC-8410-FBC9613FCDC0}"
EndProject
Global
	GlobalSection(SolutionConfigurationPlatforms) = preSolution
		Debug|Any CPU = Debug|Any CPU
		Release|Any CPU = Release|Any CPU
	EndGlobalSection
	GlobalSection(ProjectConfigurationPlatforms) = postSolution
		{B7F0EDF4-1976-42CC-8410-FBC9613FCDC0}.Debug|Any CPU.ActiveCfg = Debug|Any CPU
		{B7F0EDF4-1976-42CC-8410-FBC9613FCDC0}.Debug|Any CPU.Build.0 = Debug|Any CPU
		{B7F0EDF4-1976-42CC-8410-FBC9613FCDC0}.Release|Any CPU.ActiveCfg = Release|Any CPU
		{B7F0EDF4-1976-42CC-8410-FBC9613FCDC0}.Release|Any CPU.Build.0 = Release|Any CPU
	EndGlobalSection
	GlobalSection(SolutionProperties) = preSolution
		HideSolutionNode = FALSE
	EndGlobalSection
	GlobalSection(ExtensibilityGlobals) = postSolution
		SolutionGuid = {BFC54E2C-2802-4FAB-B7C4-74C784E3888A}
	EndGlobalSection
EndGlobal
